
Microsoft Visual Studio Solution File, Format Version 12.00
# Visual Studio 15
VisualStudioVersion = 15.0.26228.4
MinimumVisualStudioVersion = 10.0.40219.1
Project("{FAE04EC0-301F-11D3-BF4B-00C04F79EFBC}") = "Intermediario.Android", "Intermediario\Intermediario.Android\Intermediario.Android.csproj", "{4F5BE2C4-5FD1-42A4-BF7B-5EBDB11E4BE0}"
EndProject
Project("{FAE04EC0-301F-11D3-BF4B-00C04F79EFBC}") = "Intermediario", "Intermediario\Intermediario\Intermediario.csproj", "{0CE322D5-C476-4418-AA33-33A1C24C887E}"
EndProject
Project("{FAE04EC0-301F-11D3-BF4B-00C04F79EFBC}") = "Intermediario.UWP", "Intermediario\Intermediario.UWP\Intermediario.UWP.csproj", "{B11D2A23-2541-407E-BE8E-5CC60BE464D4}"
EndProject
Project("{FAE04EC0-301F-11D3-BF4B-00C04F79EFBC}") = "Intermediario.iOS", "Intermediario\Intermediario.iOS\Intermediario.iOS.csproj", "{7E402C20-3A3C-4870-89B1-CCB560211E91}"
EndProject
Global
	GlobalSection(SolutionConfigurationPlatforms) = preSolution
		Ad-Hoc|Any CPU = Ad-Hoc|Any CPU
		Ad-Hoc|ARM = Ad-Hoc|ARM
		Ad-Hoc|iPhone = Ad-Hoc|iPhone
		Ad-Hoc|iPhoneSimulator = Ad-Hoc|iPhoneSimulator
		Ad-Hoc|x64 = Ad-Hoc|x64
		Ad-Hoc|x86 = Ad-Hoc|x86
		AppStore|Any CPU = AppStore|Any CPU
		AppStore|ARM = AppStore|ARM
		AppStore|iPhone = AppStore|iPhone
		AppStore|iPhoneSimulator = AppStore|iPhoneSimulator
		AppStore|x64 = AppStore|x64
		AppStore|x86 = AppStore|x86
		Debug|Any CPU = Debug|Any CPU
		Debug|ARM = Debug|ARM
		Debug|iPhone = Debug|iPhone
		Debug|iPhoneSimulator = Debug|iPhoneSimulator
		Debug|x64 = Debug|x64
		Debug|x86 = Debug|x86
		Release|Any CPU = Release|Any CPU
		Release|ARM = Release|ARM
		Release|iPhone = Release|iPhone
		Release|iPhoneSimulator = Release|iPhoneSimulator
		Release|x64 = Release|x64
		Release|x86 = Release|x86
	EndGlobalSection
	GlobalSection(ProjectConfigurationPlatforms) = postSolution
		{4F5BE2C4-5FD1-42A4-BF7B-5EBDB11E4BE0}.Ad-Hoc|Any CPU.ActiveCfg = Release|Any CPU
		{4F5BE2C4-5FD1-42A4-BF7B-5EBDB11E4BE0}.Ad-Hoc|Any CPU.Build.0 = Release|Any CPU
		{4F5BE2C4-5FD1-42A4-BF7B-5EBDB11E4BE0}.Ad-Hoc|Any CPU.Deploy.0 = Release|Any CPU
		{4F5BE2C4-5FD1-42A4-BF7B-5EBDB11E4BE0}.Ad-Hoc|ARM.ActiveCfg = Release|Any CPU
		{4F5BE2C4-5FD1-42A4-BF7B-5EBDB11E4BE0}.Ad-Hoc|ARM.Build.0 = Release|Any CPU
		{4F5BE2C4-5FD1-42A4-BF7B-5EBDB11E4BE0}.Ad-Hoc|ARM.Deploy.0 = Release|Any CPU
		{4F5BE2C4-5FD1-42A4-BF7B-5EBDB11E4BE0}.Ad-Hoc|iPhone.ActiveCfg = Release|Any CPU
		{4F5BE2C4-5FD1-42A4-BF7B-5EBDB11E4BE0}.Ad-Hoc|iPhone.Build.0 = Release|Any CPU
		{4F5BE2C4-5FD1-42A4-BF7B-5EBDB11E4BE0}.Ad-Hoc|iPhone.Deploy.0 = Release|Any CPU
		{4F5BE2C4-5FD1-42A4-BF7B-5EBDB11E4BE0}.Ad-Hoc|iPhoneSimulator.ActiveCfg = Release|Any CPU
		{4F5BE2C4-5FD1-42A4-BF7B-5EBDB11E4BE0}.Ad-Hoc|iPhoneSimulator.Build.0 = Release|Any CPU
		{4F5BE2C4-5FD1-42A4-BF7B-5EBDB11E4BE0}.Ad-Hoc|iPhoneSimulator.Deploy.0 = Release|Any CPU
		{4F5BE2C4-5FD1-42A4-BF7B-5EBDB11E4BE0}.Ad-Hoc|x64.ActiveCfg = Release|Any CPU
		{4F5BE2C4-5FD1-42A4-BF7B-5EBDB11E4BE0}.Ad-Hoc|x64.Build.0 = Release|Any CPU
		{4F5BE2C4-5FD1-42A4-BF7B-5EBDB11E4BE0}.Ad-Hoc|x64.Deploy.0 = Release|Any CPU
		{4F5BE2C4-5FD1-42A4-BF7B-5EBDB11E4BE0}.Ad-Hoc|x86.ActiveCfg = Release|Any CPU
		{4F5BE2C4-5FD1-42A4-BF7B-5EBDB11E4BE0}.Ad-Hoc|x86.Build.0 = Release|Any CPU
		{4F5BE2C4-5FD1-42A4-BF7B-5EBDB11E4BE0}.Ad-Hoc|x86.Deploy.0 = Release|Any CPU
		{4F5BE2C4-5FD1-42A4-BF7B-5EBDB11E4BE0}.AppStore|Any CPU.ActiveCfg = Release|Any CPU
		{4F5BE2C4-5FD1-42A4-BF7B-5EBDB11E4BE0}.AppStore|Any CPU.Build.0 = Release|Any CPU
		{4F5BE2C4-5FD1-42A4-BF7B-5EBDB11E4BE0}.AppStore|Any CPU.Deploy.0 = Release|Any CPU
		{4F5BE2C4-5FD1-42A4-BF7B-5EBDB11E4BE0}.AppStore|ARM.ActiveCfg = Release|Any CPU
		{4F5BE2C4-5FD1-42A4-BF7B-5EBDB11E4BE0}.AppStore|ARM.Build.0 = Release|Any CPU
		{4F5BE2C4-5FD1-42A4-BF7B-5EBDB11E4BE0}.AppStore|ARM.Deploy.0 = Release|Any CPU
		{4F5BE2C4-5FD1-42A4-BF7B-5EBDB11E4BE0}.AppStore|iPhone.ActiveCfg = Release|Any CPU
		{4F5BE2C4-5FD1-42A4-BF7B-5EBDB11E4BE0}.AppStore|iPhone.Build.0 = Release|Any CPU
		{4F5BE2C4-5FD1-42A4-BF7B-5EBDB11E4BE0}.AppStore|iPhone.Deploy.0 = Release|Any CPU
		{4F5BE2C4-5FD1-42A4-BF7B-5EBDB11E4BE0}.AppStore|iPhoneSimulator.ActiveCfg = Release|Any CPU
		{4F5BE2C4-5FD1-42A4-BF7B-5EBDB11E4BE0}.AppStore|iPhoneSimulator.Build.0 = Release|Any CPU
		{4F5BE2C4-5FD1-42A4-BF7B-5EBDB11E4BE0}.AppStore|iPhoneSimulator.Deploy.0 = Release|Any CPU
		{4F5BE2C4-5FD1-42A4-BF7B-5EBDB11E4BE0}.AppStore|x64.ActiveCfg = Release|Any CPU
		{4F5BE2C4-5FD1-42A4-BF7B-5EBDB11E4BE0}.AppStore|x64.Build.0 = Release|Any CPU
		{4F5BE2C4-5FD1-42A4-BF7B-5EBDB11E4BE0}.AppStore|x64.Deploy.0 = Release|Any CPU
		{4F5BE2C4-5FD1-42A4-BF7B-5EBDB11E4BE0}.AppStore|x86.ActiveCfg = Release|Any CPU
		{4F5BE2C4-5FD1-42A4-BF7B-5EBDB11E4BE0}.AppStore|x86.Build.0 = Release|Any CPU
		{4F5BE2C4-5FD1-42A4-BF7B-5EBDB11E4BE0}.AppStore|x86.Deploy.0 = Release|Any CPU
		{4F5BE2C4-5FD1-42A4-BF7B-5EBDB11E4BE0}.Debug|Any CPU.ActiveCfg = Debug|Any CPU
		{4F5BE2C4-5FD1-42A4-BF7B-5EBDB11E4BE0}.Debug|Any CPU.Build.0 = Debug|Any CPU
		{4F5BE2C4-5FD1-42A4-BF7B-5EBDB11E4BE0}.Debug|Any CPU.Deploy.0 = Debug|Any CPU
		{4F5BE2C4-5FD1-42A4-BF7B-5EBDB11E4BE0}.Debug|ARM.ActiveCfg = Debug|Any CPU
		{4F5BE2C4-5FD1-42A4-BF7B-5EBDB11E4BE0}.Debug|ARM.Build.0 = Debug|Any CPU
		{4F5BE2C4-5FD1-42A4-BF7B-5EBDB11E4BE0}.Debug|ARM.Deploy.0 = Debug|Any CPU
		{4F5BE2C4-5FD1-42A4-BF7B-5EBDB11E4BE0}.Debug|iPhone.ActiveCfg = Debug|Any CPU
		{4F5BE2C4-5FD1-42A4-BF7B-5EBDB11E4BE0}.Debug|iPhone.Build.0 = Debug|Any CPU
		{4F5BE2C4-5FD1-42A4-BF7B-5EBDB11E4BE0}.Debug|iPhone.Deploy.0 = Debug|Any CPU
		{4F5BE2C4-5FD1-42A4-BF7B-5EBDB11E4BE0}.Debug|iPhoneSimulator.ActiveCfg = Debug|Any CPU
		{4F5BE2C4-5FD1-42A4-BF7B-5EBDB11E4BE0}.Debug|iPhoneSimulator.Build.0 = Debug|Any CPU
		{4F5BE2C4-5FD1-42A4-BF7B-5EBDB11E4BE0}.Debug|iPhoneSimulator.Deploy.0 = Debug|Any CPU
		{4F5BE2C4-5FD1-42A4-BF7B-5EBDB11E4BE0}.Debug|x64.ActiveCfg = Debug|Any CPU
		{4F5BE2C4-5FD1-42A4-BF7B-5EBDB11E4BE0}.Debug|x64.Build.0 = Debug|Any CPU
		{4F5BE2C4-5FD1-42A4-BF7B-5EBDB11E4BE0}.Debug|x64.Deploy.0 = Debug|Any CPU
		{4F5BE2C4-5FD1-42A4-BF7B-5EBDB11E4BE0}.Debug|x86.ActiveCfg = Debug|Any CPU
		{4F5BE2C4-5FD1-42A4-BF7B-5EBDB11E4BE0}.Debug|x86.Build.0 = Debug|Any CPU
		{4F5BE2C4-5FD1-42A4-BF7B-5EBDB11E4BE0}.Debug|x86.Deploy.0 = Debug|Any CPU
		{4F5BE2C4-5FD1-42A4-BF7B-5EBDB11E4BE0}.Release|Any CPU.ActiveCfg = Release|Any CPU
		{4F5BE2C4-5FD1-42A4-BF7B-5EBDB11E4BE0}.Release|Any CPU.Build.0 = Release|Any CPU
		{4F5BE2C4-5FD1-42A4-BF7B-5EBDB11E4BE0}.Release|Any CPU.Deploy.0 = Release|Any CPU
		{4F5BE2C4-5FD1-42A4-BF7B-5EBDB11E4BE0}.Release|ARM.ActiveCfg = Release|Any CPU
		{4F5BE2C4-5FD1-42A4-BF7B-5EBDB11E4BE0}.Release|ARM.Build.0 = Release|Any CPU
		{4F5BE2C4-5FD1-42A4-BF7B-5EBDB11E4BE0}.Release|ARM.Deploy.0 = Release|Any CPU
		{4F5BE2C4-5FD1-42A4-BF7B-5EBDB11E4BE0}.Release|iPhone.ActiveCfg = Release|Any CPU
		{4F5BE2C4-5FD1-42A4-BF7B-5EBDB11E4BE0}.Release|iPhone.Build.0 = Release|Any CPU
		{4F5BE2C4-5FD1-42A4-BF7B-5EBDB11E4BE0}.Release|iPhone.Deploy.0 = Release|Any CPU
		{4F5BE2C4-5FD1-42A4-BF7B-5EBDB11E4BE0}.Release|iPhoneSimulator.ActiveCfg = Release|Any CPU
		{4F5BE2C4-5FD1-42A4-BF7B-5EBDB11E4BE0}.Release|iPhoneSimulator.Build.0 = Release|Any CPU
		{4F5BE2C4-5FD1-42A4-BF7B-5EBDB11E4BE0}.Release|iPhoneSimulator.Deploy.0 = Release|Any CPU
		{4F5BE2C4-5FD1-42A4-BF7B-5EBDB11E4BE0}.Release|x64.ActiveCfg = Release|Any CPU
		{4F5BE2C4-5FD1-42A4-BF7B-5EBDB11E4BE0}.Release|x64.Build.0 = Release|Any CPU
		{4F5BE2C4-5FD1-42A4-BF7B-5EBDB11E4BE0}.Release|x64.Deploy.0 = Release|Any CPU
		{4F5BE2C4-5FD1-42A4-BF7B-5EBDB11E4BE0}.Release|x86.ActiveCfg = Release|Any CPU
		{4F5BE2C4-5FD1-42A4-BF7B-5EBDB11E4BE0}.Release|x86.Build.0 = Release|Any CPU
		{4F5BE2C4-5FD1-42A4-BF7B-5EBDB11E4BE0}.Release|x86.Deploy.0 = Release|Any CPU
		{0CE322D5-C476-4418-AA33-33A1C24C887E}.Ad-Hoc|Any CPU.ActiveCfg = Release|Any CPU
		{0CE322D5-C476-4418-AA33-33A1C24C887E}.Ad-Hoc|Any CPU.Build.0 = Release|Any CPU
		{0CE322D5-C476-4418-AA33-33A1C24C887E}.Ad-Hoc|ARM.ActiveCfg = Release|Any CPU
		{0CE322D5-C476-4418-AA33-33A1C24C887E}.Ad-Hoc|ARM.Build.0 = Release|Any CPU
		{0CE322D5-C476-4418-AA33-33A1C24C887E}.Ad-Hoc|iPhone.ActiveCfg = Release|Any CPU
		{0CE322D5-C476-4418-AA33-33A1C24C887E}.Ad-Hoc|iPhone.Build.0 = Release|Any CPU
		{0CE322D5-C476-4418-AA33-33A1C24C887E}.Ad-Hoc|iPhoneSimulator.ActiveCfg = Release|Any CPU
		{0CE322D5-C476-4418-AA33-33A1C24C887E}.Ad-Hoc|iPhoneSimulator.Build.0 = Release|Any CPU
		{0CE322D5-C476-4418-AA33-33A1C24C887E}.Ad-Hoc|x64.ActiveCfg = Release|Any CPU
		{0CE322D5-C476-4418-AA33-33A1C24C887E}.Ad-Hoc|x64.Build.0 = Release|Any CPU
		{0CE322D5-C476-4418-AA33-33A1C24C887E}.Ad-Hoc|x86.ActiveCfg = Release|Any CPU
		{0CE322D5-C476-4418-AA33-33A1C24C887E}.Ad-Hoc|x86.Build.0 = Release|Any CPU
		{0CE322D5-C476-4418-AA33-33A1C24C887E}.AppStore|Any CPU.ActiveCfg = Release|Any CPU
		{0CE322D5-C476-4418-AA33-33A1C24C887E}.AppStore|Any CPU.Build.0 = Release|Any CPU
		{0CE322D5-C476-4418-AA33-33A1C24C887E}.AppStore|ARM.ActiveCfg = Release|Any CPU
		{0CE322D5-C476-4418-AA33-33A1C24C887E}.AppStore|ARM.Build.0 = Release|Any CPU
		{0CE322D5-C476-4418-AA33-33A1C24C887E}.AppStore|iPhone.ActiveCfg = Release|Any CPU
		{0CE322D5-C476-4418-AA33-33A1C24C887E}.AppStore|iPhone.Build.0 = Release|Any CPU
		{0CE322D5-C476-4418-AA33-33A1C24C887E}.AppStore|iPhoneSimulator.ActiveCfg = Release|Any CPU
		{0CE322D5-C476-4418-AA33-33A1C24C887E}.AppStore|iPhoneSimulator.Build.0 = Release|Any CPU
		{0CE322D5-C476-4418-AA33-33A1C24C887E}.AppStore|x64.ActiveCfg = Release|Any CPU
		{0CE322D5-C476-4418-AA33-33A1C24C887E}.AppStore|x64.Build.0 = Release|Any CPU
		{0CE322D5-C476-4418-AA33-33A1C24C887E}.AppStore|x86.ActiveCfg = Release|Any CPU
		{0CE322D5-C476-4418-AA33-33A1C24C887E}.AppStore|x86.Build.0 = Release|Any CPU
		{0CE322D5-C476-4418-AA33-33A1C24C887E}.Debug|Any CPU.ActiveCfg = Debug|Any CPU
		{0CE322D5-C476-4418-AA33-33A1C24C887E}.Debug|Any CPU.Build.0 = Debug|Any CPU
		{0CE322D5-C476-4418-AA33-33A1C24C887E}.Debug|ARM.ActiveCfg = Debug|Any CPU
		{0CE322D5-C476-4418-AA33-33A1C24C887E}.Debug|ARM.Build.0 = Debug|Any CPU
		{0CE322D5-C476-4418-AA33-33A1C24C887E}.Debug|iPhone.ActiveCfg = Debug|Any CPU
		{0CE322D5-C476-4418-AA33-33A1C24C887E}.Debug|iPhone.Build.0 = Debug|Any CPU
		{0CE322D5-C476-4418-AA33-33A1C24C887E}.Debug|iPhoneSimulator.ActiveCfg = Debug|Any CPU
		{0CE322D5-C476-4418-AA33-33A1C24C887E}.Debug|iPhoneSimulator.Build.0 = Debug|Any CPU
		{0CE322D5-C476-4418-AA33-33A1C24C887E}.Debug|x64.ActiveCfg = Debug|Any CPU
		{0CE322D5-C476-4418-AA33-33A1C24C887E}.Debug|x64.Build.0 = Debug|Any CPU
		{0CE322D5-C476-4418-AA33-33A1C24C887E}.Debug|x86.ActiveCfg = Debug|Any CPU
		{0CE322D5-C476-4418-AA33-33A1C24C887E}.Debug|x86.Build.0 = Debug|Any CPU
		{0CE322D5-C476-4418-AA33-33A1C24C887E}.Release|Any CPU.ActiveCfg = Release|Any CPU
		{0CE322D5-C476-4418-AA33-33A1C24C887E}.Release|Any CPU.Build.0 = Release|Any CPU
		{0CE322D5-C476-4418-AA33-33A1C24C887E}.Release|ARM.ActiveCfg = Release|Any CPU
		{0CE322D5-C476-4418-AA33-33A1C24C887E}.Release|ARM.Build.0 = Release|Any CPU
		{0CE322D5-C476-4418-AA33-33A1C24C887E}.Release|iPhone.ActiveCfg = Release|Any CPU
		{0CE322D5-C476-4418-AA33-33A1C24C887E}.Release|iPhone.Build.0 = Release|Any CPU
		{0CE322D5-C476-4418-AA33-33A1C24C887E}.Release|iPhoneSimulator.ActiveCfg = Release|Any CPU
		{0CE322D5-C476-4418-AA33-33A1C24C887E}.Release|iPhoneSimulator.Build.0 = Release|Any CPU
		{0CE322D5-C476-4418-AA33-33A1C24C887E}.Release|x64.ActiveCfg = Release|Any CPU
		{0CE322D5-C476-4418-AA33-33A1C24C887E}.Release|x64.Build.0 = Release|Any CPU
		{0CE322D5-C476-4418-AA33-33A1C24C887E}.Release|x86.ActiveCfg = Release|Any CPU
		{0CE322D5-C476-4418-AA33-33A1C24C887E}.Release|x86.Build.0 = Release|Any CPU
		{B11D2A23-2541-407E-BE8E-5CC60BE464D4}.Ad-Hoc|Any CPU.ActiveCfg = Release|x86
		{B11D2A23-2541-407E-BE8E-5CC60BE464D4}.Ad-Hoc|Any CPU.Build.0 = Release|x86
		{B11D2A23-2541-407E-BE8E-5CC60BE464D4}.Ad-Hoc|Any CPU.Deploy.0 = Release|x86
		{B11D2A23-2541-407E-BE8E-5CC60BE464D4}.Ad-Hoc|ARM.ActiveCfg = Release|ARM
		{B11D2A23-2541-407E-BE8E-5CC60BE464D4}.Ad-Hoc|ARM.Build.0 = Release|ARM
		{B11D2A23-2541-407E-BE8E-5CC60BE464D4}.Ad-Hoc|ARM.Deploy.0 = Release|ARM
		{B11D2A23-2541-407E-BE8E-5CC60BE464D4}.Ad-Hoc|iPhone.ActiveCfg = Release|x86
		{B11D2A23-2541-407E-BE8E-5CC60BE464D4}.Ad-Hoc|iPhone.Build.0 = Release|x86
		{B11D2A23-2541-407E-BE8E-5CC60BE464D4}.Ad-Hoc|iPhone.Deploy.0 = Release|x86
		{B11D2A23-2541-407E-BE8E-5CC60BE464D4}.Ad-Hoc|iPhoneSimulator.ActiveCfg = Release|x86
		{B11D2A23-2541-407E-BE8E-5CC60BE464D4}.Ad-Hoc|iPhoneSimulator.Build.0 = Release|x86
		{B11D2A23-2541-407E-BE8E-5CC60BE464D4}.Ad-Hoc|iPhoneSimulator.Deploy.0 = Release|x86
		{B11D2A23-2541-407E-BE8E-5CC60BE464D4}.Ad-Hoc|x64.ActiveCfg = Release|x64
		{B11D2A23-2541-407E-BE8E-5CC60BE464D4}.Ad-Hoc|x64.Build.0 = Release|x64
		{B11D2A23-2541-407E-BE8E-5CC60BE464D4}.Ad-Hoc|x64.Deploy.0 = Release|x64
		{B11D2A23-2541-407E-BE8E-5CC60BE464D4}.Ad-Hoc|x86.ActiveCfg = Release|x86
		{B11D2A23-2541-407E-BE8E-5CC60BE464D4}.Ad-Hoc|x86.Build.0 = Release|x86
		{B11D2A23-2541-407E-BE8E-5CC60BE464D4}.Ad-Hoc|x86.Deploy.0 = Release|x86
		{B11D2A23-2541-407E-BE8E-5CC60BE464D4}.AppStore|Any CPU.ActiveCfg = Release|x86
		{B11D2A23-2541-407E-BE8E-5CC60BE464D4}.AppStore|Any CPU.Build.0 = Release|x86
		{B11D2A23-2541-407E-BE8E-5CC60BE464D4}.AppStore|Any CPU.Deploy.0 = Release|x86
		{B11D2A23-2541-407E-BE8E-5CC60BE464D4}.AppStore|ARM.ActiveCfg = Release|ARM
		{B11D2A23-2541-407E-BE8E-5CC60BE464D4}.AppStore|ARM.Build.0 = Release|ARM
		{B11D2A23-2541-407E-BE8E-5CC60BE464D4}.AppStore|ARM.Deploy.0 = Release|ARM
		{B11D2A23-2541-407E-BE8E-5CC60BE464D4}.AppStore|iPhone.ActiveCfg = Release|x86
		{B11D2A23-2541-407E-BE8E-5CC60BE464D4}.AppStore|iPhone.Build.0 = Release|x86
		{B11D2A23-2541-407E-BE8E-5CC60BE464D4}.AppStore|iPhone.Deploy.0 = Release|x86
		{B11D2A23-2541-407E-BE8E-5CC60BE464D4}.AppStore|iPhoneSimulator.ActiveCfg = Release|x86
		{B11D2A23-2541-407E-BE8E-5CC60BE464D4}.AppStore|iPhoneSimulator.Build.0 = Release|x86
		{B11D2A23-2541-407E-BE8E-5CC60BE464D4}.AppStore|iPhoneSimulator.Deploy.0 = Release|x86
		{B11D2A23-2541-407E-BE8E-5CC60BE464D4}.AppStore|x64.ActiveCfg = Release|x64
		{B11D2A23-2541-407E-BE8E-5CC60BE464D4}.AppStore|x64.Build.0 = Release|x64
		{B11D2A23-2541-407E-BE8E-5CC60BE464D4}.AppStore|x64.Deploy.0 = Release|x64
		{B11D2A23-2541-407E-BE8E-5CC60BE464D4}.AppStore|x86.ActiveCfg = Release|x86
		{B11D2A23-2541-407E-BE8E-5CC60BE464D4}.AppStore|x86.Build.0 = Release|x86
		{B11D2A23-2541-407E-BE8E-5CC60BE464D4}.AppStore|x86.Deploy.0 = Release|x86
		{B11D2A23-2541-407E-BE8E-5CC60BE464D4}.Debug|Any CPU.ActiveCfg = Debug|x86
		{B11D2A23-2541-407E-BE8E-5CC60BE464D4}.Debug|ARM.ActiveCfg = Debug|ARM
		{B11D2A23-2541-407E-BE8E-5CC60BE464D4}.Debug|ARM.Build.0 = Debug|ARM
		{B11D2A23-2541-407E-BE8E-5CC60BE464D4}.Debug|ARM.Deploy.0 = Debug|ARM
		{B11D2A23-2541-407E-BE8E-5CC60BE464D4}.Debug|iPhone.ActiveCfg = Debug|x86
		{B11D2A23-2541-407E-BE8E-5CC60BE464D4}.Debug|iPhoneSimulator.ActiveCfg = Debug|x86
		{B11D2A23-2541-407E-BE8E-5CC60BE464D4}.Debug|x64.ActiveCfg = Debug|x64
		{B11D2A23-2541-407E-BE8E-5CC60BE464D4}.Debug|x64.Build.0 = Debug|x64
		{B11D2A23-2541-407E-BE8E-5CC60BE464D4}.Debug|x64.Deploy.0 = Debug|x64
		{B11D2A23-2541-407E-BE8E-5CC60BE464D4}.Debug|x86.ActiveCfg = Debug|x86
		{B11D2A23-2541-407E-BE8E-5CC60BE464D4}.Debug|x86.Build.0 = Debug|x86
		{B11D2A23-2541-407E-BE8E-5CC60BE464D4}.Debug|x86.Deploy.0 = Debug|x86
		{B11D2A23-2541-407E-BE8E-5CC60BE464D4}.Release|Any CPU.ActiveCfg = Release|x86
		{B11D2A23-2541-407E-BE8E-5CC60BE464D4}.Release|ARM.ActiveCfg = Release|ARM
		{B11D2A23-2541-407E-BE8E-5CC60BE464D4}.Release|ARM.Build.0 = Release|ARM
		{B11D2A23-2541-407E-BE8E-5CC60BE464D4}.Release|ARM.Deploy.0 = Release|ARM
		{B11D2A23-2541-407E-BE8E-5CC60BE464D4}.Release|iPhone.ActiveCfg = Release|x86
		{B11D2A23-2541-407E-BE8E-5CC60BE464D4}.Release|iPhoneSimulator.ActiveCfg = Release|x86
		{B11D2A23-2541-407E-BE8E-5CC60BE464D4}.Release|x64.ActiveCfg = Release|x64
		{B11D2A23-2541-407E-BE8E-5CC60BE464D4}.Release|x64.Build.0 = Release|x64
		{B11D2A23-2541-407E-BE8E-5CC60BE464D4}.Release|x64.Deploy.0 = Release|x64
		{B11D2A23-2541-407E-BE8E-5CC60BE464D4}.Release|x86.ActiveCfg = Release|x86
		{B11D2A23-2541-407E-BE8E-5CC60BE464D4}.Release|x86.Build.0 = Release|x86
		{B11D2A23-2541-407E-BE8E-5CC60BE464D4}.Release|x86.Deploy.0 = Release|x86
		{7E402C20-3A3C-4870-89B1-CCB560211E91}.Ad-Hoc|Any CPU.ActiveCfg = Ad-Hoc|iPhone
		{7E402C20-3A3C-4870-89B1-CCB560211E91}.Ad-Hoc|ARM.ActiveCfg = Ad-Hoc|iPhone
		{7E402C20-3A3C-4870-89B1-CCB560211E91}.Ad-Hoc|iPhone.ActiveCfg = Ad-Hoc|iPhone
		{7E402C20-3A3C-4870-89B1-CCB560211E91}.Ad-Hoc|iPhone.Build.0 = Ad-Hoc|iPhone
		{7E402C20-3A3C-4870-89B1-CCB560211E91}.Ad-Hoc|iPhoneSimulator.ActiveCfg = Ad-Hoc|iPhoneSimulator
		{7E402C20-3A3C-4870-89B1-CCB560211E91}.Ad-Hoc|iPhoneSimulator.Build.0 = Ad-Hoc|iPhoneSimulator
		{7E402C20-3A3C-4870-89B1-CCB560211E91}.Ad-Hoc|x64.ActiveCfg = Ad-Hoc|iPhone
		{7E402C20-3A3C-4870-89B1-CCB560211E91}.Ad-Hoc|x86.ActiveCfg = Ad-Hoc|iPhone
		{7E402C20-3A3C-4870-89B1-CCB560211E91}.AppStore|Any CPU.ActiveCfg = AppStore|iPhone
		{7E402C20-3A3C-4870-89B1-CCB560211E91}.AppStore|ARM.ActiveCfg = AppStore|iPhone
		{7E402C20-3A3C-4870-89B1-CCB560211E91}.AppStore|iPhone.ActiveCfg = AppStore|iPhone
		{7E402C20-3A3C-4870-89B1-CCB560211E91}.AppStore|iPhone.Build.0 = AppStore|iPhone
		{7E402C20-3A3C-4870-89B1-CCB560211E91}.AppStore|iPhoneSimulator.ActiveCfg = AppStore|iPhoneSimulator
		{7E402C20-3A3C-4870-89B1-CCB560211E91}.AppStore|iPhoneSimulator.Build.0 = AppStore|iPhoneSimulator
		{7E402C20-3A3C-4870-89B1-CCB560211E91}.AppStore|x64.ActiveCfg = AppStore|iPhone
		{7E402C20-3A3C-4870-89B1-CCB560211E91}.AppStore|x86.ActiveCfg = AppStore|iPhone
		{7E402C20-3A3C-4870-89B1-CCB560211E91}.Debug|Any CPU.ActiveCfg = Debug|iPhone
		{7E402C20-3A3C-4870-89B1-CCB560211E91}.Debug|ARM.ActiveCfg = Debug|iPhone
		{7E402C20-3A3C-4870-89B1-CCB560211E91}.Debug|iPhone.ActiveCfg = Debug|iPhone
		{7E402C20-3A3C-4870-89B1-CCB560211E91}.Debug|iPhone.Build.0 = Debug|iPhone
		{7E402C20-3A3C-4870-89B1-CCB560211E91}.Debug|iPhoneSimulator.ActiveCfg = Debug|iPhoneSimulator
		{7E402C20-3A3C-4870-89B1-CCB560211E91}.Debug|iPhoneSimulator.Build.0 = Debug|iPhoneSimulator
		{7E402C20-3A3C-4870-89B1-CCB560211E91}.Debug|x64.ActiveCfg = Debug|iPhone
		{7E402C20-3A3C-4870-89B1-CCB560211E91}.Debug|x86.ActiveCfg = Debug|iPhone
		{7E402C20-3A3C-4870-89B1-CCB560211E91}.Release|Any CPU.ActiveCfg = Release|iPhone
		{7E402C20-3A3C-4870-89B1-CCB560211E91}.Release|ARM.ActiveCfg = Release|iPhone
		{7E402C20-3A3C-4870-89B1-CCB560211E91}.Release|iPhone.ActiveCfg = Release|iPhone
		{7E402C20-3A3C-4870-89B1-CCB560211E91}.Release|iPhone.Build.0 = Release|iPhone
		{7E402C20-3A3C-4870-89B1-CCB560211E91}.Release|iPhoneSimulator.ActiveCfg = Release|iPhoneSimulator
		{7E402C20-3A3C-4870-89B1-CCB560211E91}.Release|iPhoneSimulator.Build.0 = Release|iPhoneSimulator
		{7E402C20-3A3C-4870-89B1-CCB560211E91}.Release|x64.ActiveCfg = Release|iPhone
		{7E402C20-3A3C-4870-89B1-CCB560211E91}.Release|x86.ActiveCfg = Release|iPhone
	EndGlobalSection
	GlobalSection(SolutionProperties) = preSolution
		HideSolutionNode = FALSE
	EndGlobalSection
EndGlobal
